// !$*UTF8*$!
{
	archiveVersion = 1;
	classes = {
	};
	objectVersion = 50;
	objects = {

/* Begin PBXBuildFile section */
		DFEDC942250B8CE400E41A0C /* AppDelegate.swift in Sources */ = {isa = PBXBuildFile; fileRef = DFEDC941250B8CE400E41A0C /* AppDelegate.swift */; };
		DFEDC944250B8CE400E41A0C /* SceneDelegate.swift in Sources */ = {isa = PBXBuildFile; fileRef = DFEDC943250B8CE400E41A0C /* SceneDelegate.swift */; };
		DFEDC946250B8CE400E41A0C /* ViewController.swift in Sources */ = {isa = PBXBuildFile; fileRef = DFEDC945250B8CE400E41A0C /* ViewController.swift */; };
		DFEDC949250B8CE400E41A0C /* Main.storyboard in Resources */ = {isa = PBXBuildFile; fileRef = DFEDC947250B8CE400E41A0C /* Main.storyboard */; };
		DFEDC94B250B8CE600E41A0C /* Assets.xcassets in Resources */ = {isa = PBXBuildFile; fileRef = DFEDC94A250B8CE600E41A0C /* Assets.xcassets */; };
		DFEDC94E250B8CE600E41A0C /* LaunchScreen.storyboard in Resources */ = {isa = PBXBuildFile; fileRef = DFEDC94C250B8CE600E41A0C /* LaunchScreen.storyboard */; };
/* End PBXBuildFile section */

/* Begin PBXFileReference section */
		DFEDC93E250B8CE400E41A0C /* Practice-AVPlayer.app */ = {isa = PBXFileReference; explicitFileType = wrapper.application; includeInIndex = 0; path = "Practice-AVPlayer.app"; sourceTree = BUILT_PRODUCTS_DIR; };
		DFEDC941250B8CE400E41A0C /* AppDelegate.swift */ = {isa = PBXFileReference; lastKnownFileType = sourcecode.swift; path = AppDelegate.swift; sourceTree = "<group>"; };
		DFEDC943250B8CE400E41A0C /* SceneDelegate.swift */ = {isa = PBXFileReference; lastKnownFileType = sourcecode.swift; path = SceneDelegate.swift; sourceTree = "<group>"; };
		DFEDC945250B8CE400E41A0C /* ViewController.swift */ = {isa = PBXFileReference; lastKnownFileType = sourcecode.swift; path = ViewController.swift; sourceTree = "<group>"; };
		DFEDC948250B8CE400E41A0C /* Base */ = {isa = PBXFileReference; lastKnownFileType = file.storyboard; name = Base; path = Base.lproj/Main.storyboard; sourceTree = "<group>"; };
		DFEDC94A250B8CE600E41A0C /* Assets.xcassets */ = {isa = PBXFileReference; lastKnownFileType = folder.assetcatalog; path = Assets.xcassets; sourceTree = "<group>"; };
		DFEDC94D250B8CE600E41A0C /* Base */ = {isa = PBXFileReference; lastKnownFileType = file.storyboard; name = Base; path = Base.lproj/LaunchScreen.storyboard; sourceTree = "<group>"; };
		DFEDC94F250B8CE600E41A0C /* Info.plist */ = {isa = PBXFileReference; lastKnownFileType = text.plist.xml; path = Info.plist; sourceTree = "<group>"; };
/* End PBXFileReference section */

/* Begin PBXFrameworksBuildPhase section */
		DFEDC93B250B8CE400E41A0C /* Frameworks */ = {
			isa = PBXFrameworksBuildPhase;
			buildActionMask = 2147483647;
			files = (
			);
			runOnlyForDeploymentPostprocessing = 0;
		};
/* End PBXFrameworksBuildPhase section */

/* Begin PBXGroup section */
		DFEDC935250B8CE400E41A0C = {
			isa = PBXGroup;
			children = (
				DFEDC940250B8CE400E41A0C /* Practice-AVPlayer */,
				DFEDC93F250B8CE400E41A0C /* Products */,
			);
			sourceTree = "<group>";
		};
		DFEDC93F250B8CE400E41A0C /* Products */ = {
			isa = PBXGroup;
			children = (
				DFEDC93E250B8CE400E41A0C /* Practice-AVPlayer.app */,
			);
			name = Products;
			sourceTree = "<group>";
		};
		DFEDC940250B8CE400E41A0C /* Practice-AVPlayer */ = {
			isa = PBXGroup;
			children = (
				DFEDC941250B8CE400E41A0C /* AppDelegate.swift */,
				DFEDC943250B8CE400E41A0C /* SceneDelegate.swift */,
				DFEDC945250B8CE400E41A0C /* ViewController.swift */,
				DFEDC947250B8CE400E41A0C /* Main.storyboard */,
				DFEDC94A250B8CE600E41A0C /* Assets.xcassets */,
				DFEDC94C250B8CE600E41A0C /* LaunchScreen.storyboard */,
				DFEDC94F250B8CE600E41A0C /* Info.plist */,
			);
			path = "Practice-AVPlayer";
			sourceTree = "<group>";
		};
/* End PBXGroup section */

/* Begin PBXNativeTarget section */
		DFEDC93D250B8CE400E41A0C /* Practice-AVPlayer */ = {
			isa = PBXNativeTarget;
			buildConfigurationList = DFEDC952250B8CE600E41A0C /* Build configuration list for PBXNativeTarget "Practice-AVPlayer" */;
			buildPhases = (
				DFEDC93A250B8CE400E41A0C /* Sources */,
				DFEDC93B250B8CE400E41A0C /* Frameworks */,
				DFEDC93C250B8CE400E41A0C /* Resources */,
			);
			buildRules = (
			);
			dependencies = (
			);
			name = "Practice-AVPlayer";
			productName = "Practice-AVPlayer";
			productReference = DFEDC93E250B8CE400E41A0C /* Practice-AVPlayer.app */;
			productType = "com.apple.product-type.application";
		};
/* End PBXNativeTarget section */

/* Begin PBXProject section */
		DFEDC936250B8CE400E41A0C /* Project object */ = {
			isa = PBXProject;
			attributes = {
				LastSwiftUpdateCheck = 1170;
				LastUpgradeCheck = 1170;
				ORGANIZATIONNAME = "副島拓哉";
				TargetAttributes = {
					DFEDC93D250B8CE400E41A0C = {
						CreatedOnToolsVersion = 11.7;
					};
				};
			};
			buildConfigurationList = DFEDC939250B8CE400E41A0C /* Build configuration list for PBXProject "Practice-AVPlayer" */;
			compatibilityVersion = "Xcode 9.3";
			developmentRegion = en;
			hasScannedForEncodings = 0;
			knownRegions = (
				en,
				Base,
			);
			mainGroup = DFEDC935250B8CE400E41A0C;
			productRefGroup = DFEDC93F250B8CE400E41A0C /* Products */;
			projectDirPath = "";
			projectRoot = "";
			targets = (
				DFEDC93D250B8CE400E41A0C /* Practice-AVPlayer */,
			);
		};
/* End PBXProject section */

/* Begin PBXResourcesBuildPhase section */
		DFEDC93C250B8CE400E41A0C /* Resources */ = {
			isa = PBXResourcesBuildPhase;
			buildActionMask = 2147483647;
			files = (
				DFEDC94E250B8CE600E41A0C /* LaunchScreen.storyboard in Resources */,
				DFEDC94B250B8CE600E41A0C /* Assets.xcassets in Resources */,
				DFEDC949250B8CE400E41A0C /* Main.storyboard in Resources */,
			);
			runOnlyForDeploymentPostprocessing = 0;
		};
/* End PBXResourcesBuildPhase section */

/* Begin PBXSourcesBuildPhase section */
		DFEDC93A250B8CE400E41A0C /* Sources */ = {
			isa = PBXSourcesBuildPhase;
			buildActionMask = 2147483647;
			files = (
				DFEDC946250B8CE400E41A0C /* ViewController.swift in Sources */,
				DFEDC942250B8CE400E41A0C /* AppDelegate.swift in Sources */,
				DFEDC944250B8CE400E41A0C /* SceneDelegate.swift in Sources */,
			);
			runOnlyForDeploymentPostprocessing = 0;
		};
/* End PBXSourcesBuildPhase section */

/* Begin PBXVariantGroup section */
		DFEDC947250B8CE400E41A0C /* Main.storyboard */ = {
			isa = PBXVariantGroup;
			children = (
				DFEDC948250B8CE400E41A0C /* Base */,
			);
			name = Main.storyboard;
			sourceTree = "<group>";
		};
		DFEDC94C250B8CE600E41A0C /* LaunchScreen.storyboard */ = {
			isa = PBXVariantGroup;
			children = (
				DFEDC94D250B8CE600E41A0C /* Base */,
			);
			name = LaunchScreen.storyboard;
			sourceTree = "<group>";
		};
/* End PBXVariantGroup section */

/* Begin XCBuildConfiguration section */
		DFEDC950250B8CE600E41A0C /* Debug */ = {
			isa = XCBuildConfiguration;
			buildSettings = {
				ALWAYS_SEARCH_USER_PATHS = NO;
				CLANG_ANALYZER_NONNULL = YES;
				CLANG_ANALYZER_NUMBER_OBJECT_CONVERSION = YES_AGGRESSIVE;
				CLANG_CXX_LANGUAGE_STANDARD = "gnu++14";
				CLANG_CXX_LIBRARY = "libc++";
				CLANG_ENABLE_MODULES = YES;
				CLANG_ENABLE_OBJC_ARC = YES;
				CLANG_ENABLE_OBJC_WEAK = YES;
				CLANG_WARN_BLOCK_CAPTURE_AUTORELEASING = YES;
				CLANG_WARN_BOOL_CONVERSION = YES;
				CLANG_WARN_COMMA = YES;
				CLANG_WARN_CONSTANT_CONVERSION = YES;
				CLANG_WARN_DEPRECATED_OBJC_IMPLEMENTATIONS = YES;
				CLANG_WARN_DIRECT_OBJC_ISA_USAGE = YES_ERROR;
				CLANG_WARN_DOCUMENTATION_COMMENTS = YES;
				CLANG_WARN_EMPTY_BODY = YES;
				CLANG_WARN_ENUM_CONVERSION = YES;
				CLANG_WARN_INFINITE_RECURSION = YES;
				CLANG_WARN_INT_CONVERSION = YES;
				CLANG_WARN_NON_LITERAL_NULL_CONVERSION = YES;
				CLANG_WARN_OBJC_IMPLICIT_RETAIN_SELF = YES;
				CLANG_WARN_OBJC_LITERAL_CONVERSION = YES;
				CLANG_WARN_OBJC_ROOT_CLASS = YES_ERROR;
				CLANG_WARN_RANGE_LOOP_ANALYSIS = YES;
				CLANG_WARN_STRICT_PROTOTYPES = YES;
				CLANG_WARN_SUSPICIOUS_MOVE = YES;
				CLANG_WARN_UNGUARDED_AVAILABILITY = YES_AGGRESSIVE;
				CLANG_WARN_UNREACHABLE_CODE = YES;
				CLANG_WARN__DUPLICATE_METHOD_MATCH = YES;
				COPY_PHASE_STRIP = NO;
				DEBUG_INFORMATION_FORMAT = dwarf;
				ENABLE_STRICT_OBJC_MSGSEND = YES;
				ENABLE_TESTABILITY = YES;
				GCC_C_LANGUAGE_STANDARD = gnu11;
				GCC_DYNAMIC_NO_PIC = NO;
				GCC_NO_COMMON_BLOCKS = YES;
				GCC_OPTIMIZATION_LEVEL = 0;
				GCC_PREPROCESSOR_DEFINITIONS = (
					"DEBUG=1",
					"$(inherited)",
				);
				GCC_WARN_64_TO_32_BIT_CONVERSION = YES;
				GCC_WARN_ABOUT_RETURN_TYPE = YES_ERROR;
				GCC_WARN_UNDECLARED_SELECTOR = YES;
				GCC_WARN_UNINITIALIZED_AUTOS = YES_AGGRESSIVE;
				GCC_WARN_UNUSED_FUNCTION = YES;
				GCC_WARN_UNUSED_VARIABLE = YES;
				IPHONEOS_DEPLOYMENT_TARGET = 13.7;
				MTL_ENABLE_DEBUG_INFO = INCLUDE_SOURCE;
				MTL_FAST_MATH = YES;
				ONLY_ACTIVE_ARCH = YES;
				SDKROOT = iphoneos;
				SWIFT_ACTIVE_COMPILATION_CONDITIONS = DEBUG;
				SWIFT_OPTIMIZATION_LEVEL = "-Onone";
			};
			name = Debug;
		};
		DFEDC951250B8CE600E41A0C /* Release */ = {
			isa = XCBuildConfiguration;
			buildSettings = {
				ALWAYS_SEARCH_USER_PATHS = NO;
				CLANG_ANALYZER_NONNULL = YES;
				CLANG_ANALYZER_NUMBER_OBJECT_CONVERSION = YES_AGGRESSIVE;
				CLANG_CXX_LANGUAGE_STANDARD = "gnu++14";
				CLANG_CXX_LIBRARY = "libc++";
				CLANG_ENABLE_MODULES = YES;
				CLANG_ENABLE_OBJC_ARC = YES;
				CLANG_ENABLE_OBJC_WEAK = YES;
				CLANG_WARN_BLOCK_CAPTURE_AUTORELEASING = YES;
				CLANG_WARN_BOOL_CONVERSION = YES;
				CLANG_WARN_COMMA = YES;
				CLANG_WARN_CONSTANT_CONVERSION = YES;
				CLANG_WARN_DEPRECATED_OBJC_IMPLEMENTATIONS = YES;
				CLANG_WARN_DIRECT_OBJC_ISA_USAGE = YES_ERROR;
				CLANG_WARN_DOCUMENTATION_COMMENTS = YES;
				CLANG_WARN_EMPTY_BODY = YES;
				CLANG_WARN_ENUM_CONVERSION = YES;
				CLANG_WARN_INFINITE_RECURSION = YES;
				CLANG_WARN_INT_CONVERSION = YES;
				CLANG_WARN_NON_LITERAL_NULL_CONVERSION = YES;
				CLANG_WARN_OBJC_IMPLICIT_RETAIN_SELF = YES;
				CLANG_WARN_OBJC_LITERAL_CONVERSION = YES;
				CLANG_WARN_OBJC_ROOT_CLASS = YES_ERROR;
				CLANG_WARN_RANGE_LOOP_ANALYSIS = YES;
				CLANG_WARN_STRICT_PROTOTYPES = YES;
				CLANG_WARN_SUSPICIOUS_MOVE = YES;
				CLANG_WARN_UNGUARDED_AVAILABILITY = YES_AGGRESSIVE;
				CLANG_WARN_UNREACHABLE_CODE = YES;
				CLANG_WARN__DUPLICATE_METHOD_MATCH = YES;
				COPY_PHASE_STRIP = NO;
				DEBUG_INFORMATION_FORMAT = "dwarf-with-dsym";
				ENABLE_NS_ASSERTIONS = NO;
				ENABLE_STRICT_OBJC_MSGSEND = YES;
				GCC_C_LANGUAGE_STANDARD = gnu11;
				GCC_NO_COMMON_BLOCKS = YES;
				GCC_WARN_64_TO_32_BIT_CONVERSION = YES;
				GCC_WARN_ABOUT_RETURN_TYPE = YES_ERROR;
				GCC_WARN_UNDECLARED_SELECTOR = YES;
				GCC_WARN_UNINITIALIZED_AUTOS = YES_AGGRESSIVE;
				GCC_WARN_UNUSED_FUNCTION = YES;
				GCC_WARN_UNUSED_VARIABLE = YES;
				IPHONEOS_DEPLOYMENT_TARGET = 13.7;
				MTL_ENABLE_DEBUG_INFO = NO;
				MTL_FAST_MATH = YES;
				SDKROOT = iphoneos;
				SWIFT_COMPILATION_MODE = wholemodule;
				SWIFT_OPTIMIZATION_LEVEL = "-O";
				VALIDATE_PRODUCT = YES;
			};
			name = Release;
		};
		DFEDC953250B8CE600E41A0C /* Debug */ = {
			isa = XCBuildConfiguration;
			buildSettings = {
				ASSETCATALOG_COMPILER_APPICON_NAME = AppIcon;
				CODE_SIGN_STYLE = Automatic;
				DEVELOPMENT_TEAM = 8CDS4RQQHP;
				INFOPLIST_FILE = "Practice-AVPlayer/Info.plist";
				LD_RUNPATH_SEARCH_PATHS = (
					"$(inherited)",
					"@executable_path/Frameworks",
				);
				PRODUCT_BUNDLE_IDENTIFIER = "com.Aplaice.Practice-AVPlayer";
				PRODUCT_NAME = "$(TARGET_NAME)";
				SWIFT_VERSION = 5.0;
				TARGETED_DEVICE_FAMILY = "1,2";
			};
			name = Debug;
		};
		DFEDC954250B8CE600E41A0C /* Release */ = {
			isa = XCBuildConfiguration;
			buildSettings = {
				ASSETCATALOG_COMPILER_APPICON_NAME = AppIcon;
				CODE_SIGN_STYLE = Automatic;
				DEVELOPMENT_TEAM = 8CDS4RQQHP;
				INFOPLIST_FILE = "Practice-AVPlayer/Info.plist";
				LD_RUNPATH_SEARCH_PATHS = (
					"$(inherited)",
					"@executable_path/Frameworks",
				);
				PRODUCT_BUNDLE_IDENTIFIER = "com.Aplaice.Practice-AVPlayer";
				PRODUCT_NAME = "$(TARGET_NAME)";
				SWIFT_VERSION = 5.0;
				TARGETED_DEVICE_FAMILY = "1,2";
			};
			name = Release;
		};
/* End XCBuildConfiguration section */

/* Begin XCConfigurationList section */
		DFEDC939250B8CE400E41A0C /* Build configuration list for PBXProject "Practice-AVPlayer" */ = {
			isa = XCConfigurationList;
			buildConfigurations = (
				DFEDC950250B8CE600E41A0C /* Debug */,
				DFEDC951250B8CE600E41A0C /* Release */,
			);
			defaultConfigurationIsVisible = 0;
			defaultConfigurationName = Release;
		};
		DFEDC952250B8CE600E41A0C /* Build configuration list for PBXNativeTarget "Practice-AVPlayer" */ = {
			isa = XCConfigurationList;
			buildConfigurations = (
				DFEDC953250B8CE600E41A0C /* Debug */,
				DFEDC954250B8CE600E41A0C /* Release */,
			);
			defaultConfigurationIsVisible = 0;
			defaultConfigurationName = Release;
		};
/* End XCConfigurationList section */
	};
	rootObject = DFEDC936250B8CE400E41A0C /* Project object */;
}
